
Microsoft Visual Studio Solution File, Format Version 12.00
# Visual Studio Version 17
VisualStudioVersion = 17.14.37203.1
MinimumVisualStudioVersion = 10.0.40219.1
Project("{FAE04EC0-301F-11D3-BF4B-00C04F79EFBC}") = "MVC02", "MVC02.csproj", "{D5A7FBE1-FE15-41BE-A05C-67FE7DAD3658}"
EndProject
Global
	GlobalSection(SolutionConfigurationPlatforms) = preSolution
		Debug|Any CPU = Debug|Any CPU
		Release|Any CPU = Release|Any CPU
	EndGlobalSection
	GlobalSection(ProjectConfigurationPlatforms) = postSolution
		{D5A7FBE1-FE15-41BE-A05C-67FE7DAD3658}.Debug|Any CPU.ActiveCfg = Debug|Any CPU
		{D5A7FBE1-FE15-41BE-A05C-67FE7DAD3658}.Debug|Any CPU.Build.0 = Debug|Any CPU
		{D5A7FBE1-FE15-41BE-A05C-67FE7DAD3658}.Release|Any CPU.ActiveCfg = Release|Any CPU
		{D5A7FBE1-FE15-41BE-A05C-67FE7DAD3658}.Release|Any CPU.Build.0 = Release|Any CPU
	EndGlobalSection
	GlobalSection(SolutionProperties) = preSolution
		HideSolutionNode = FALSE
	EndGlobalSection
	GlobalSection(ExtensibilityGlobals) = postSolution
		SolutionGuid = {0910961B-758E-42EB-BF19-2D61738DC949}
	EndGlobalSection
EndGlobal
